
Microsoft Visual Studio Solution File, Format Version 12.00
# Visual Studio Version 16
VisualStudioVersion = 16.0.29020.237
MinimumVisualStudioVersion = 10.0.40219.1
Project("{2150E333-8FDC-42A3-9474-1A3956D46DE8}") = "Docs", "Docs", "{E3388981-904D-45C3-8D34-8FEA5B13C250}"
	ProjectSection(SolutionItems) = preProject
		..\ChangeLog.md = ..\ChangeLog.md
		..\CODE_OF_CONDUCT.md = ..\CODE_OF_CONDUCT.md
		..\LICENSE.md = ..\LICENSE.md
		..\README.md = ..\README.md
	EndProjectSection
EndProject
Project("{9A19103F-16F7-4668-BE54-9A1E7A4F7556}") = "IBM.IAM.AWS.SecurityToken", "IBM.IAM.AWS.SecurityToken\IBM.IAM.AWS.SecurityToken.csproj", "{A4B2259D-4946-4AEC-817E-93940CFE4223}"
EndProject
Project("{2150E333-8FDC-42A3-9474-1A3956D46DE8}") = "Build", "Build", "{628D1666-0336-4795-994C-F8069446621E}"
	ProjectSection(SolutionItems) = preProject
		..\build\Get-ModuleManifestVersion.ps1 = ..\build\Get-ModuleManifestVersion.ps1
		..\build\PublishToGallery.ps1 = ..\build\PublishToGallery.ps1
		..\build\Update-ModuleManifest.ps1 = ..\build\Update-ModuleManifest.ps1
	EndProjectSection
EndProject
Project("{2150E333-8FDC-42A3-9474-1A3956D46DE8}") = "src", "src", "{3D87A26F-07A0-42C2-BE21-7C1690764C6C}"
EndProject
Global
	GlobalSection(SolutionConfigurationPlatforms) = preSolution
		Debug|Any CPU = Debug|Any CPU
		Release|Any CPU = Release|Any CPU
	EndGlobalSection
	GlobalSection(ProjectConfigurationPlatforms) = postSolution
		{A4B2259D-4946-4AEC-817E-93940CFE4223}.Debug|Any CPU.ActiveCfg = Debug|Any CPU
		{A4B2259D-4946-4AEC-817E-93940CFE4223}.Debug|Any CPU.Build.0 = Debug|Any CPU
		{A4B2259D-4946-4AEC-817E-93940CFE4223}.Release|Any CPU.ActiveCfg = Release|Any CPU
		{A4B2259D-4946-4AEC-817E-93940CFE4223}.Release|Any CPU.Build.0 = Release|Any CPU
	EndGlobalSection
	GlobalSection(SolutionProperties) = preSolution
		HideSolutionNode = FALSE
	EndGlobalSection
	GlobalSection(NestedProjects) = preSolution
		{A4B2259D-4946-4AEC-817E-93940CFE4223} = {3D87A26F-07A0-42C2-BE21-7C1690764C6C}
	EndGlobalSection
	GlobalSection(ExtensibilityGlobals) = postSolution
		SolutionGuid = {6566402C-9063-4AE6-A978-B6C60B6FFC9C}
	EndGlobalSection
EndGlobal
